// !$*UTF8*$!
{
	archiveVersion = 1;
	classes = {
	};
	objectVersion = 51;
	objects = {

/* Begin PBXBuildFile section */
		3D7A61734819BAD5911C1C95 /* Pods_Homework_2_9.framework in Frameworks */ = {isa = PBXBuildFile; fileRef = 99D3B7162E5F2CC78B3C47B8 /* Pods_Homework_2_9.framework */; };
		B31B52AF2497FED400E39548 /* AppDelegate.swift in Sources */ = {isa = PBXBuildFile; fileRef = B31B52AE2497FED400E39548 /* AppDelegate.swift */; };
		B31B52B12497FED400E39548 /* SceneDelegate.swift in Sources */ = {isa = PBXBuildFile; fileRef = B31B52B02497FED400E39548 /* SceneDelegate.swift */; };
		B31B52B32497FED400E39548 /* ViewController.swift in Sources */ = {isa = PBXBuildFile; fileRef = B31B52B22497FED400E39548 /* ViewController.swift */; };
		B31B52B62497FED400E39548 /* Main.storyboard in Resources */ = {isa = PBXBuildFile; fileRef = B31B52B42497FED400E39548 /* Main.storyboard */; };
		B31B52B82497FED700E39548 /* Assets.xcassets in Resources */ = {isa = PBXBuildFile; fileRef = B31B52B72497FED700E39548 /* Assets.xcassets */; };
		B31B52BB2497FED700E39548 /* LaunchScreen.storyboard in Resources */ = {isa = PBXBuildFile; fileRef = B31B52B92497FED700E39548 /* LaunchScreen.storyboard */; };
		B31B52C32498019500E39548 /* ModelOfAnimation.swift in Sources */ = {isa = PBXBuildFile; fileRef = B31B52C22498019500E39548 /* ModelOfAnimation.swift */; };
		B31B52C52499329B00E39548 /* DataManager.swift in Sources */ = {isa = PBXBuildFile; fileRef = B31B52C42499329A00E39548 /* DataManager.swift */; };
/* End PBXBuildFile section */

/* Begin PBXFileReference section */
		30E3D6AD8A2692010AFA837B /* Pods-Homework 2-9.release.xcconfig */ = {isa = PBXFileReference; includeInIndex = 1; lastKnownFileType = text.xcconfig; name = "Pods-Homework 2-9.release.xcconfig"; path = "Target Support Files/Pods-Homework 2-9/Pods-Homework 2-9.release.xcconfig"; sourceTree = "<group>"; };
		99D3B7162E5F2CC78B3C47B8 /* Pods_Homework_2_9.framework */ = {isa = PBXFileReference; explicitFileType = wrapper.framework; includeInIndex = 0; path = Pods_Homework_2_9.framework; sourceTree = BUILT_PRODUCTS_DIR; };
		A7A78ACF4BC22375FB20B614 /* Pods-Homework 2-9.debug.xcconfig */ = {isa = PBXFileReference; includeInIndex = 1; lastKnownFileType = text.xcconfig; name = "Pods-Homework 2-9.debug.xcconfig"; path = "Target Support Files/Pods-Homework 2-9/Pods-Homework 2-9.debug.xcconfig"; sourceTree = "<group>"; };
		B31B52AB2497FED400E39548 /* Homework 2-9.app */ = {isa = PBXFileReference; explicitFileType = wrapper.application; includeInIndex = 0; path = "Homework 2-9.app"; sourceTree = BUILT_PRODUCTS_DIR; };
		B31B52AE2497FED400E39548 /* AppDelegate.swift */ = {isa = PBXFileReference; lastKnownFileType = sourcecode.swift; path = AppDelegate.swift; sourceTree = "<group>"; };
		B31B52B02497FED400E39548 /* SceneDelegate.swift */ = {isa = PBXFileReference; lastKnownFileType = sourcecode.swift; path = SceneDelegate.swift; sourceTree = "<group>"; };
		B31B52B22497FED400E39548 /* ViewController.swift */ = {isa = PBXFileReference; lastKnownFileType = sourcecode.swift; path = ViewController.swift; sourceTree = "<group>"; };
		B31B52B52497FED400E39548 /* Base */ = {isa = PBXFileReference; lastKnownFileType = file.storyboard; name = Base; path = Base.lproj/Main.storyboard; sourceTree = "<group>"; };
		B31B52B72497FED700E39548 /* Assets.xcassets */ = {isa = PBXFileReference; lastKnownFileType = folder.assetcatalog; path = Assets.xcassets; sourceTree = "<group>"; };
		B31B52BA2497FED700E39548 /* Base */ = {isa = PBXFileReference; lastKnownFileType = file.storyboard; name = Base; path = Base.lproj/LaunchScreen.storyboard; sourceTree = "<group>"; };
		B31B52BC2497FED700E39548 /* Info.plist */ = {isa = PBXFileReference; lastKnownFileType = text.plist.xml; path = Info.plist; sourceTree = "<group>"; };
		B31B52C22498019500E39548 /* ModelOfAnimation.swift */ = {isa = PBXFileReference; lastKnownFileType = sourcecode.swift; path = ModelOfAnimation.swift; sourceTree = "<group>"; };
		B31B52C42499329A00E39548 /* DataManager.swift */ = {isa = PBXFileReference; lastKnownFileType = sourcecode.swift; path = DataManager.swift; sourceTree = "<group>"; };
/* End PBXFileReference section */

/* Begin PBXFrameworksBuildPhase section */
		B31B52A82497FED400E39548 /* Frameworks */ = {
			isa = PBXFrameworksBuildPhase;
			buildActionMask = 2147483647;
			files = (
				3D7A61734819BAD5911C1C95 /* Pods_Homework_2_9.framework in Frameworks */,
			);
			runOnlyForDeploymentPostprocessing = 0;
		};
/* End PBXFrameworksBuildPhase section */

/* Begin PBXGroup section */
		2973B09EB5F8E89BB6D528B8 /* Pods */ = {
			isa = PBXGroup;
			children = (
				A7A78ACF4BC22375FB20B614 /* Pods-Homework 2-9.debug.xcconfig */,
				30E3D6AD8A2692010AFA837B /* Pods-Homework 2-9.release.xcconfig */,
			);
			path = Pods;
			sourceTree = "<group>";
		};
		75FD441687ADA32883F40D25 /* Frameworks */ = {
			isa = PBXGroup;
			children = (
				99D3B7162E5F2CC78B3C47B8 /* Pods_Homework_2_9.framework */,
			);
			name = Frameworks;
			sourceTree = "<group>";
		};
		B31B52A22497FED400E39548 = {
			isa = PBXGroup;
			children = (
				B31B52AD2497FED400E39548 /* Homework 2-9 */,
				B31B52AC2497FED400E39548 /* Products */,
				2973B09EB5F8E89BB6D528B8 /* Pods */,
				75FD441687ADA32883F40D25 /* Frameworks */,
			);
			sourceTree = "<group>";
		};
		B31B52AC2497FED400E39548 /* Products */ = {
			isa = PBXGroup;
			children = (
				B31B52AB2497FED400E39548 /* Homework 2-9.app */,
			);
			name = Products;
			sourceTree = "<group>";
		};
		B31B52AD2497FED400E39548 /* Homework 2-9 */ = {
			isa = PBXGroup;
			children = (
				B31B52AE2497FED400E39548 /* AppDelegate.swift */,
				B31B52B02497FED400E39548 /* SceneDelegate.swift */,
				B31B52B22497FED400E39548 /* ViewController.swift */,
				B31B52C62499479500E39548 /* Storyboards */,
				B31B52C22498019500E39548 /* ModelOfAnimation.swift */,
				B31B52C42499329A00E39548 /* DataManager.swift */,
				B31B52B72497FED700E39548 /* Assets.xcassets */,
				B31B52BC2497FED700E39548 /* Info.plist */,
			);
			path = "Homework 2-9";
			sourceTree = "<group>";
		};
		B31B52C62499479500E39548 /* Storyboards */ = {
			isa = PBXGroup;
			children = (
				B31B52B42497FED400E39548 /* Main.storyboard */,
				B31B52B92497FED700E39548 /* LaunchScreen.storyboard */,
			);
			path = Storyboards;
			sourceTree = "<group>";
		};
/* End PBXGroup section */

/* Begin PBXNativeTarget section */
		B31B52AA2497FED400E39548 /* Homework 2-9 */ = {
			isa = PBXNativeTarget;
			buildConfigurationList = B31B52BF2497FED700E39548 /* Build configuration list for PBXNativeTarget "Homework 2-9" */;
			buildPhases = (
				F3E64C30BA2633E87E69F95A /* [CP] Check Pods Manifest.lock */,
				B31B52A72497FED400E39548 /* Sources */,
				B31B52A82497FED400E39548 /* Frameworks */,
				B31B52A92497FED400E39548 /* Resources */,
				78CDC5E2B40158620F55F97F /* [CP] Embed Pods Frameworks */,
			);
			buildRules = (
			);
			dependencies = (
			);
			name = "Homework 2-9";
			productName = "Homework 2-9";
			productReference = B31B52AB2497FED400E39548 /* Homework 2-9.app */;
			productType = "com.apple.product-type.application";
		};
/* End PBXNativeTarget section */

/* Begin PBXProject section */
		B31B52A32497FED400E39548 /* Project object */ = {
			isa = PBXProject;
			attributes = {
				LastSwiftUpdateCheck = 1150;
				LastUpgradeCheck = 1150;
				ORGANIZATIONNAME = "Stanislav Klimov";
				TargetAttributes = {
					B31B52AA2497FED400E39548 = {
						CreatedOnToolsVersion = 11.5;
					};
				};
			};
			buildConfigurationList = B31B52A62497FED400E39548 /* Build configuration list for PBXProject "Homework 2-9" */;
			compatibilityVersion = "Xcode 9.3";
			developmentRegion = en;
			hasScannedForEncodings = 0;
			knownRegions = (
				en,
				Base,
			);
			mainGroup = B31B52A22497FED400E39548;
			productRefGroup = B31B52AC2497FED400E39548 /* Products */;
			projectDirPath = "";
			projectRoot = "";
			targets = (
				B31B52AA2497FED400E39548 /* Homework 2-9 */,
			);
		};
/* End PBXProject section */

/* Begin PBXResourcesBuildPhase section */
		B31B52A92497FED400E39548 /* Resources */ = {
			isa = PBXResourcesBuildPhase;
			buildActionMask = 2147483647;
			files = (
				B31B52BB2497FED700E39548 /* LaunchScreen.storyboard in Resources */,
				B31B52B82497FED700E39548 /* Assets.xcassets in Resources */,
				B31B52B62497FED400E39548 /* Main.storyboard in Resources */,
			);
			runOnlyForDeploymentPostprocessing = 0;
		};
/* End PBXResourcesBuildPhase section */

/* Begin PBXShellScriptBuildPhase section */
		78CDC5E2B40158620F55F97F /* [CP] Embed Pods Frameworks */ = {
			isa = PBXShellScriptBuildPhase;
			buildActionMask = 2147483647;
			files = (
			);
			inputFileListPaths = (
				"${PODS_ROOT}/Target Support Files/Pods-Homework 2-9/Pods-Homework 2-9-frameworks-${CONFIGURATION}-input-files.xcfilelist",
			);
			name = "[CP] Embed Pods Frameworks";
			outputFileListPaths = (
				"${PODS_ROOT}/Target Support Files/Pods-Homework 2-9/Pods-Homework 2-9-frameworks-${CONFIGURATION}-output-files.xcfilelist",
			);
			runOnlyForDeploymentPostprocessing = 0;
			shellPath = /bin/sh;
			shellScript = "\"${PODS_ROOT}/Target Support Files/Pods-Homework 2-9/Pods-Homework 2-9-frameworks.sh\"\n";
			showEnvVarsInLog = 0;
		};
		F3E64C30BA2633E87E69F95A /* [CP] Check Pods Manifest.lock */ = {
			isa = PBXShellScriptBuildPhase;
			buildActionMask = 2147483647;
			files = (
			);
			inputFileListPaths = (
			);
			inputPaths = (
				"${PODS_PODFILE_DIR_PATH}/Podfile.lock",
				"${PODS_ROOT}/Manifest.lock",
			);
			name = "[CP] Check Pods Manifest.lock";
			outputFileListPaths = (
			);
			outputPaths = (
				"$(DERIVED_FILE_DIR)/Pods-Homework 2-9-checkManifestLockResult.txt",
			);
			runOnlyForDeploymentPostprocessing = 0;
			shellPath = /bin/sh;
			shellScript = "diff \"${PODS_PODFILE_DIR_PATH}/Podfile.lock\" \"${PODS_ROOT}/Manifest.lock\" > /dev/null\nif [ $? != 0 ] ; then\n    # print error to STDERR\n    echo \"error: The sandbox is not in sync with the Podfile.lock. Run 'pod install' or update your CocoaPods installation.\" >&2\n    exit 1\nfi\n# This output is used by Xcode 'outputs' to avoid re-running this script phase.\necho \"SUCCESS\" > \"${SCRIPT_OUTPUT_FILE_0}\"\n";
			showEnvVarsInLog = 0;
		};
/* End PBXShellScriptBuildPhase section */

/* Begin PBXSourcesBuildPhase section */
		B31B52A72497FED400E39548 /* Sources */ = {
			isa = PBXSourcesBuildPhase;
			buildActionMask = 2147483647;
			files = (
				B31B52B32497FED400E39548 /* ViewController.swift in Sources */,
				B31B52C52499329B00E39548 /* DataManager.swift in Sources */,
				B31B52AF2497FED400E39548 /* AppDelegate.swift in Sources */,
				B31B52B12497FED400E39548 /* SceneDelegate.swift in Sources */,
				B31B52C32498019500E39548 /* ModelOfAnimation.swift in Sources */,
			);
			runOnlyForDeploymentPostprocessing = 0;
		};
/* End PBXSourcesBuildPhase section */

/* Begin PBXVariantGroup section */
		B31B52B42497FED400E39548 /* Main.storyboard */ = {
			isa = PBXVariantGroup;
			children = (
				B31B52B52497FED400E39548 /* Base */,
			);
			name = Main.storyboard;
			sourceTree = "<group>";
		};
		B31B52B92497FED700E39548 /* LaunchScreen.storyboard */ = {
			isa = PBXVariantGroup;
			children = (
				B31B52BA2497FED700E39548 /* Base */,
			);
			name = LaunchScreen.storyboard;
			sourceTree = "<group>";
		};
/* End PBXVariantGroup section */

/* Begin XCBuildConfiguration section */
		B31B52BD2497FED700E39548 /* Debug */ = {
			isa = XCBuildConfiguration;
			buildSettings = {
				ALWAYS_SEARCH_USER_PATHS = NO;
				CLANG_ANALYZER_NONNULL = YES;
				CLANG_ANALYZER_NUMBER_OBJECT_CONVERSION = YES_AGGRESSIVE;
				CLANG_CXX_LANGUAGE_STANDARD = "gnu++14";
				CLANG_CXX_LIBRARY = "libc++";
				CLANG_ENABLE_MODULES = YES;
				CLANG_ENABLE_OBJC_ARC = YES;
				CLANG_ENABLE_OBJC_WEAK = YES;
				CLANG_WARN_BLOCK_CAPTURE_AUTORELEASING = YES;
				CLANG_WARN_BOOL_CONVERSION = YES;
				CLANG_WARN_COMMA = YES;
				CLANG_WARN_CONSTANT_CONVERSION = YES;
				CLANG_WARN_DEPRECATED_OBJC_IMPLEMENTATIONS = YES;
				CLANG_WARN_DIRECT_OBJC_ISA_USAGE = YES_ERROR;
				CLANG_WARN_DOCUMENTATION_COMMENTS = YES;
				CLANG_WARN_EMPTY_BODY = YES;
				CLANG_WARN_ENUM_CONVERSION = YES;
				CLANG_WARN_INFINITE_RECURSION = YES;
				CLANG_WARN_INT_CONVERSION = YES;
				CLANG_WARN_NON_LITERAL_NULL_CONVERSION = YES;
				CLANG_WARN_OBJC_IMPLICIT_RETAIN_SELF = YES;
				CLANG_WARN_OBJC_LITERAL_CONVERSION = YES;
				CLANG_WARN_OBJC_ROOT_CLASS = YES_ERROR;
				CLANG_WARN_RANGE_LOOP_ANALYSIS = YES;
				CLANG_WARN_STRICT_PROTOTYPES = YES;
				CLANG_WARN_SUSPICIOUS_MOVE = YES;
				CLANG_WARN_UNGUARDED_AVAILABILITY = YES_AGGRESSIVE;
				CLANG_WARN_UNREACHABLE_CODE = YES;
				CLANG_WARN__DUPLICATE_METHOD_MATCH = YES;
				COPY_PHASE_STRIP = NO;
				DEBUG_INFORMATION_FORMAT = dwarf;
				ENABLE_STRICT_OBJC_MSGSEND = YES;
				ENABLE_TESTABILITY = YES;
				GCC_C_LANGUAGE_STANDARD = gnu11;
				GCC_DYNAMIC_NO_PIC = NO;
				GCC_NO_COMMON_BLOCKS = YES;
				GCC_OPTIMIZATION_LEVEL = 0;
				GCC_PREPROCESSOR_DEFINITIONS = (
					"DEBUG=1",
					"$(inherited)",
				);
				GCC_WARN_64_TO_32_BIT_CONVERSION = YES;
				GCC_WARN_ABOUT_RETURN_TYPE = YES_ERROR;
				GCC_WARN_UNDECLARED_SELECTOR = YES;
				GCC_WARN_UNINITIALIZED_AUTOS = YES_AGGRESSIVE;
				GCC_WARN_UNUSED_FUNCTION = YES;
				GCC_WARN_UNUSED_VARIABLE = YES;
				IPHONEOS_DEPLOYMENT_TARGET = 13.5;
				MTL_ENABLE_DEBUG_INFO = INCLUDE_SOURCE;
				MTL_FAST_MATH = YES;
				ONLY_ACTIVE_ARCH = YES;
				SDKROOT = iphoneos;
				SWIFT_ACTIVE_COMPILATION_CONDITIONS = DEBUG;
				SWIFT_OPTIMIZATION_LEVEL = "-Onone";
			};
			name = Debug;
		};
		B31B52BE2497FED700E39548 /* Release */ = {
			isa = XCBuildConfiguration;
			buildSettings = {
				ALWAYS_SEARCH_USER_PATHS = NO;
				CLANG_ANALYZER_NONNULL = YES;
				CLANG_ANALYZER_NUMBER_OBJECT_CONVERSION = YES_AGGRESSIVE;
				CLANG_CXX_LANGUAGE_STANDARD = "gnu++14";
				CLANG_CXX_LIBRARY = "libc++";
				CLANG_ENABLE_MODULES = YES;
				CLANG_ENABLE_OBJC_ARC = YES;
				CLANG_ENABLE_OBJC_WEAK = YES;
				CLANG_WARN_BLOCK_CAPTURE_AUTORELEASING = YES;
				CLANG_WARN_BOOL_CONVERSION = YES;
				CLANG_WARN_COMMA = YES;
				CLANG_WARN_CONSTANT_CONVERSION = YES;
				CLANG_WARN_DEPRECATED_OBJC_IMPLEMENTATIONS = YES;
				CLANG_WARN_DIRECT_OBJC_ISA_USAGE = YES_ERROR;
				CLANG_WARN_DOCUMENTATION_COMMENTS = YES;
				CLANG_WARN_EMPTY_BODY = YES;
				CLANG_WARN_ENUM_CONVERSION = YES;
				CLANG_WARN_INFINITE_RECURSION = YES;
				CLANG_WARN_INT_CONVERSION = YES;
				CLANG_WARN_NON_LITERAL_NULL_CONVERSION = YES;
				CLANG_WARN_OBJC_IMPLICIT_RETAIN_SELF = YES;
				CLANG_WARN_OBJC_LITERAL_CONVERSION = YES;
				CLANG_WARN_OBJC_ROOT_CLASS = YES_ERROR;
				CLANG_WARN_RANGE_LOOP_ANALYSIS = YES;
				CLANG_WARN_STRICT_PROTOTYPES = YES;
				CLANG_WARN_SUSPICIOUS_MOVE = YES;
				CLANG_WARN_UNGUARDED_AVAILABILITY = YES_AGGRESSIVE;
				CLANG_WARN_UNREACHABLE_CODE = YES;
				CLANG_WARN__DUPLICATE_METHOD_MATCH = YES;
				COPY_PHASE_STRIP = NO;
				DEBUG_INFORMATION_FORMAT = "dwarf-with-dsym";
				ENABLE_NS_ASSERTIONS = NO;
				ENABLE_STRICT_OBJC_MSGSEND = YES;
				GCC_C_LANGUAGE_STANDARD = gnu11;
				GCC_NO_COMMON_BLOCKS = YES;
				GCC_WARN_64_TO_32_BIT_CONVERSION = YES;
				GCC_WARN_ABOUT_RETURN_TYPE = YES_ERROR;
				GCC_WARN_UNDECLARED_SELECTOR = YES;
				GCC_WARN_UNINITIALIZED_AUTOS = YES_AGGRESSIVE;
				GCC_WARN_UNUSED_FUNCTION = YES;
				GCC_WARN_UNUSED_VARIABLE = YES;
				IPHONEOS_DEPLOYMENT_TARGET = 13.5;
				MTL_ENABLE_DEBUG_INFO = NO;
				MTL_FAST_MATH = YES;
				SDKROOT = iphoneos;
				SWIFT_COMPILATION_MODE = wholemodule;
				SWIFT_OPTIMIZATION_LEVEL = "-O";
				VALIDATE_PRODUCT = YES;
			};
			name = Release;
		};
		B31B52C02497FED700E39548 /* Debug */ = {
			isa = XCBuildConfiguration;
			baseConfigurationReference = A7A78ACF4BC22375FB20B614 /* Pods-Homework 2-9.debug.xcconfig */;
			buildSettings = {
				ASSETCATALOG_COMPILER_APPICON_NAME = AppIcon;
				CODE_SIGN_STYLE = Automatic;
				DEVELOPMENT_TEAM = H3DYTYX5S2;
				INFOPLIST_FILE = "Homework 2-9/Info.plist";
				LD_RUNPATH_SEARCH_PATHS = (
					"$(inherited)",
					"@executable_path/Frameworks",
				);
				PRODUCT_BUNDLE_IDENTIFIER = "No.Homework-2-9";
				PRODUCT_NAME = "$(TARGET_NAME)";
				SWIFT_VERSION = 5.0;
				TARGETED_DEVICE_FAMILY = "1,2";
			};
			name = Debug;
		};
		B31B52C12497FED700E39548 /* Release */ = {
			isa = XCBuildConfiguration;
			baseConfigurationReference = 30E3D6AD8A2692010AFA837B /* Pods-Homework 2-9.release.xcconfig */;
			buildSettings = {
				ASSETCATALOG_COMPILER_APPICON_NAME = AppIcon;
				CODE_SIGN_STYLE = Automatic;
				DEVELOPMENT_TEAM = H3DYTYX5S2;
				INFOPLIST_FILE = "Homework 2-9/Info.plist";
				LD_RUNPATH_SEARCH_PATHS = (
					"$(inherited)",
					"@executable_path/Frameworks",
				);
				PRODUCT_BUNDLE_IDENTIFIER = "No.Homework-2-9";
				PRODUCT_NAME = "$(TARGET_NAME)";
				SWIFT_VERSION = 5.0;
				TARGETED_DEVICE_FAMILY = "1,2";
			};
			name = Release;
		};
/* End XCBuildConfiguration section */

/* Begin XCConfigurationList section */
		B31B52A62497FED400E39548 /* Build configuration list for PBXProject "Homework 2-9" */ = {
			isa = XCConfigurationList;
			buildConfigurations = (
				B31B52BD2497FED700E39548 /* Debug */,
				B31B52BE2497FED700E39548 /* Release */,
			);
			defaultConfigurationIsVisible = 0;
			defaultConfigurationName = Release;
		};
		B31B52BF2497FED700E39548 /* Build configuration list for PBXNativeTarget "Homework 2-9" */ = {
			isa = XCConfigurationList;
			buildConfigurations = (
				B31B52C02497FED700E39548 /* Debug */,
				B31B52C12497FED700E39548 /* Release */,
			);
			defaultConfigurationIsVisible = 0;
			defaultConfigurationName = Release;
		};
/* End XCConfigurationList section */
	};
	rootObject = B31B52A32497FED400E39548 /* Project object */;
}
